
Microsoft Visual Studio Solution File, Format Version 12.00
# Visual Studio Version 17
VisualStudioVersion = 17.13.35818.85 d17.13
MinimumVisualStudioVersion = 10.0.40219.1
Project("{8BC9CEB8-8B4A-11D0-8D11-00A0C91BC942}") = "MainWindow", "MainWindow.vcxproj", "{39AC6187-EFB7-4D65-88B5-EB26A5D6611C}"
EndProject
Global
	GlobalSection(SolutionConfigurationPlatforms) = preSolution
		Debug|x64 = Debug|x64
		Release|x64 = Release|x64
	EndGlobalSection
	GlobalSection(ProjectConfigurationPlatforms) = postSolution
		{39AC6187-EFB7-4D65-88B5-EB26A5D6611C}.Debug|x64.ActiveCfg = Debug|x64
		{39AC6187-EFB7-4D65-88B5-EB26A5D6611C}.Debug|x64.Build.0 = Debug|x64
		{39AC6187-EFB7-4D65-88B5-EB26A5D6611C}.Release|x64.ActiveCfg = Release|x64
		{39AC6187-EFB7-4D65-88B5-EB26A5D6611C}.Release|x64.Build.0 = Release|x64
	EndGlobalSection
	GlobalSection(SolutionProperties) = preSolution
		HideSolutionNode = FALSE
	EndGlobalSection
	GlobalSection(ExtensibilityGlobals) = postSolution
		SolutionGuid = {936C2EED-214D-40AF-A78F-BD957762D403}
	EndGlobalSection
EndGlobal
